
Microsoft Visual Studio Solution File, Format Version 12.00
# Visual Studio 15
VisualStudioVersion = 15.0.28307.1300
MinimumVisualStudioVersion = 10.0.40219.1
Project("{FAE04EC0-301F-11D3-BF4B-00C04F79EFBC}") = "arrayFront9", "arrayFront9\arrayFront9.csproj", "{A3F1E90F-4156-497F-AFBE-21BA35F252DC}"
EndProject
Global
	GlobalSection(SolutionConfigurationPlatforms) = preSolution
		Debug|Any CPU = Debug|Any CPU
		Release|Any CPU = Release|Any CPU
	EndGlobalSection
	GlobalSection(ProjectConfigurationPlatforms) = postSolution
		{A3F1E90F-4156-497F-AFBE-21BA35F252DC}.Debug|Any CPU.ActiveCfg = Debug|Any CPU
		{A3F1E90F-4156-497F-AFBE-21BA35F252DC}.Debug|Any CPU.Build.0 = Debug|Any CPU
		{A3F1E90F-4156-497F-AFBE-21BA35F252DC}.Release|Any CPU.ActiveCfg = Release|Any CPU
		{A3F1E90F-4156-497F-AFBE-21BA35F252DC}.Release|Any CPU.Build.0 = Release|Any CPU
	EndGlobalSection
	GlobalSection(SolutionProperties) = preSolution
		HideSolutionNode = FALSE
	EndGlobalSection
	GlobalSection(ExtensibilityGlobals) = postSolution
		SolutionGuid = {580DC7FB-3178-46FB-9FAE-4DDBC51E2FAF}
	EndGlobalSection
EndGlobal
