
Microsoft Visual Studio Solution File, Format Version 12.00
# Visual Studio 15
VisualStudioVersion = 15.0.28307.1300
MinimumVisualStudioVersion = 10.0.40219.1
Project("{FAE04EC0-301F-11D3-BF4B-00C04F79EFBC}") = "mapAB", "mapAB\mapAB.csproj", "{4056B1E4-529F-43F4-AA12-5BB6872C8C33}"
EndProject
Global
	GlobalSection(SolutionConfigurationPlatforms) = preSolution
		Debug|Any CPU = Debug|Any CPU
		Release|Any CPU = Release|Any CPU
	EndGlobalSection
	GlobalSection(ProjectConfigurationPlatforms) = postSolution
		{4056B1E4-529F-43F4-AA12-5BB6872C8C33}.Debug|Any CPU.ActiveCfg = Debug|Any CPU
		{4056B1E4-529F-43F4-AA12-5BB6872C8C33}.Debug|Any CPU.Build.0 = Debug|Any CPU
		{4056B1E4-529F-43F4-AA12-5BB6872C8C33}.Release|Any CPU.ActiveCfg = Release|Any CPU
		{4056B1E4-529F-43F4-AA12-5BB6872C8C33}.Release|Any CPU.Build.0 = Release|Any CPU
	EndGlobalSection
	GlobalSection(SolutionProperties) = preSolution
		HideSolutionNode = FALSE
	EndGlobalSection
	GlobalSection(ExtensibilityGlobals) = postSolution
		SolutionGuid = {1A7B568D-9BA9-4AB4-9B21-CFEA2AAD8AA7}
	EndGlobalSection
EndGlobal
