
Microsoft Visual Studio Solution File, Format Version 12.00
# Visual Studio 15
VisualStudioVersion = 15.0.28307.1300
MinimumVisualStudioVersion = 10.0.40219.1
Project("{FAE04EC0-301F-11D3-BF4B-00C04F79EFBC}") = "equalIsNot", "equalIsNot\equalIsNot.csproj", "{E7768DF5-B894-4C36-AFCA-1F5B9E0312F0}"
EndProject
Global
	GlobalSection(SolutionConfigurationPlatforms) = preSolution
		Debug|Any CPU = Debug|Any CPU
		Release|Any CPU = Release|Any CPU
	EndGlobalSection
	GlobalSection(ProjectConfigurationPlatforms) = postSolution
		{E7768DF5-B894-4C36-AFCA-1F5B9E0312F0}.Debug|Any CPU.ActiveCfg = Debug|Any CPU
		{E7768DF5-B894-4C36-AFCA-1F5B9E0312F0}.Debug|Any CPU.Build.0 = Debug|Any CPU
		{E7768DF5-B894-4C36-AFCA-1F5B9E0312F0}.Release|Any CPU.ActiveCfg = Release|Any CPU
		{E7768DF5-B894-4C36-AFCA-1F5B9E0312F0}.Release|Any CPU.Build.0 = Release|Any CPU
	EndGlobalSection
	GlobalSection(SolutionProperties) = preSolution
		HideSolutionNode = FALSE
	EndGlobalSection
	GlobalSection(ExtensibilityGlobals) = postSolution
		SolutionGuid = {68C4F142-C3E9-403A-B6FC-8EE10365F5F5}
	EndGlobalSection
EndGlobal
