
Microsoft Visual Studio Solution File, Format Version 12.00
# Visual Studio 15
VisualStudioVersion = 15.0.28307.1300
MinimumVisualStudioVersion = 10.0.40219.1
Project("{FAE04EC0-301F-11D3-BF4B-00C04F79EFBC}") = "sumHeights2", "sumHeights2\sumHeights2.csproj", "{964F97FA-7420-4AF2-992C-ADD9D513F6F8}"
EndProject
Global
	GlobalSection(SolutionConfigurationPlatforms) = preSolution
		Debug|Any CPU = Debug|Any CPU
		Release|Any CPU = Release|Any CPU
	EndGlobalSection
	GlobalSection(ProjectConfigurationPlatforms) = postSolution
		{964F97FA-7420-4AF2-992C-ADD9D513F6F8}.Debug|Any CPU.ActiveCfg = Debug|Any CPU
		{964F97FA-7420-4AF2-992C-ADD9D513F6F8}.Debug|Any CPU.Build.0 = Debug|Any CPU
		{964F97FA-7420-4AF2-992C-ADD9D513F6F8}.Release|Any CPU.ActiveCfg = Release|Any CPU
		{964F97FA-7420-4AF2-992C-ADD9D513F6F8}.Release|Any CPU.Build.0 = Release|Any CPU
	EndGlobalSection
	GlobalSection(SolutionProperties) = preSolution
		HideSolutionNode = FALSE
	EndGlobalSection
	GlobalSection(ExtensibilityGlobals) = postSolution
		SolutionGuid = {78C487C8-D96D-45A4-9E32-C7E871ACA0A5}
	EndGlobalSection
EndGlobal
