
Microsoft Visual Studio Solution File, Format Version 12.00
# Visual Studio 15
VisualStudioVersion = 15.0.28307.1300
MinimumVisualStudioVersion = 10.0.40219.1
Project("{FAE04EC0-301F-11D3-BF4B-00C04F79EFBC}") = "countYZ", "countYZ\countYZ.csproj", "{A0301A4B-05C4-4649-A326-9D856056EF6B}"
EndProject
Global
	GlobalSection(SolutionConfigurationPlatforms) = preSolution
		Debug|Any CPU = Debug|Any CPU
		Release|Any CPU = Release|Any CPU
	EndGlobalSection
	GlobalSection(ProjectConfigurationPlatforms) = postSolution
		{A0301A4B-05C4-4649-A326-9D856056EF6B}.Debug|Any CPU.ActiveCfg = Debug|Any CPU
		{A0301A4B-05C4-4649-A326-9D856056EF6B}.Debug|Any CPU.Build.0 = Debug|Any CPU
		{A0301A4B-05C4-4649-A326-9D856056EF6B}.Release|Any CPU.ActiveCfg = Release|Any CPU
		{A0301A4B-05C4-4649-A326-9D856056EF6B}.Release|Any CPU.Build.0 = Release|Any CPU
	EndGlobalSection
	GlobalSection(SolutionProperties) = preSolution
		HideSolutionNode = FALSE
	EndGlobalSection
	GlobalSection(ExtensibilityGlobals) = postSolution
		SolutionGuid = {931E5E60-1137-408E-B1FE-2EA69A84FCBF}
	EndGlobalSection
EndGlobal
