
Microsoft Visual Studio Solution File, Format Version 12.00
# Visual Studio 15
VisualStudioVersion = 15.0.28307.1300
MinimumVisualStudioVersion = 10.0.40219.1
Project("{FAE04EC0-301F-11D3-BF4B-00C04F79EFBC}") = "front22", "front22\front22.csproj", "{B37366C6-3F18-4BFE-BE8F-4E5474C92EAF}"
EndProject
Global
	GlobalSection(SolutionConfigurationPlatforms) = preSolution
		Debug|Any CPU = Debug|Any CPU
		Release|Any CPU = Release|Any CPU
	EndGlobalSection
	GlobalSection(ProjectConfigurationPlatforms) = postSolution
		{B37366C6-3F18-4BFE-BE8F-4E5474C92EAF}.Debug|Any CPU.ActiveCfg = Debug|Any CPU
		{B37366C6-3F18-4BFE-BE8F-4E5474C92EAF}.Debug|Any CPU.Build.0 = Debug|Any CPU
		{B37366C6-3F18-4BFE-BE8F-4E5474C92EAF}.Release|Any CPU.ActiveCfg = Release|Any CPU
		{B37366C6-3F18-4BFE-BE8F-4E5474C92EAF}.Release|Any CPU.Build.0 = Release|Any CPU
	EndGlobalSection
	GlobalSection(SolutionProperties) = preSolution
		HideSolutionNode = FALSE
	EndGlobalSection
	GlobalSection(ExtensibilityGlobals) = postSolution
		SolutionGuid = {8B57C607-310F-4AD4-A86E-AD514166A5FC}
	EndGlobalSection
EndGlobal
