
Microsoft Visual Studio Solution File, Format Version 12.00
# Visual Studio 15
VisualStudioVersion = 15.0.28307.1300
MinimumVisualStudioVersion = 10.0.40219.1
Project("{FAE04EC0-301F-11D3-BF4B-00C04F79EFBC}") = "array6", "array6\array6.csproj", "{194ADB8A-7374-4A7A-A773-C193F58837AD}"
EndProject
Global
	GlobalSection(SolutionConfigurationPlatforms) = preSolution
		Debug|Any CPU = Debug|Any CPU
		Release|Any CPU = Release|Any CPU
	EndGlobalSection
	GlobalSection(ProjectConfigurationPlatforms) = postSolution
		{194ADB8A-7374-4A7A-A773-C193F58837AD}.Debug|Any CPU.ActiveCfg = Debug|Any CPU
		{194ADB8A-7374-4A7A-A773-C193F58837AD}.Debug|Any CPU.Build.0 = Debug|Any CPU
		{194ADB8A-7374-4A7A-A773-C193F58837AD}.Release|Any CPU.ActiveCfg = Release|Any CPU
		{194ADB8A-7374-4A7A-A773-C193F58837AD}.Release|Any CPU.Build.0 = Release|Any CPU
	EndGlobalSection
	GlobalSection(SolutionProperties) = preSolution
		HideSolutionNode = FALSE
	EndGlobalSection
	GlobalSection(ExtensibilityGlobals) = postSolution
		SolutionGuid = {10DE4E0A-362D-464A-A44F-22A03FD463BB}
	EndGlobalSection
EndGlobal
