
Microsoft Visual Studio Solution File, Format Version 12.00
# Visual Studio 15
VisualStudioVersion = 15.0.28307.1300
MinimumVisualStudioVersion = 10.0.40219.1
Project("{FAE04EC0-301F-11D3-BF4B-00C04F79EFBC}") = "rightDigit", "rightDigit\rightDigit.csproj", "{F65348D0-05D9-4CA3-9520-2A9CADA11CF9}"
EndProject
Global
	GlobalSection(SolutionConfigurationPlatforms) = preSolution
		Debug|Any CPU = Debug|Any CPU
		Release|Any CPU = Release|Any CPU
	EndGlobalSection
	GlobalSection(ProjectConfigurationPlatforms) = postSolution
		{F65348D0-05D9-4CA3-9520-2A9CADA11CF9}.Debug|Any CPU.ActiveCfg = Debug|Any CPU
		{F65348D0-05D9-4CA3-9520-2A9CADA11CF9}.Debug|Any CPU.Build.0 = Debug|Any CPU
		{F65348D0-05D9-4CA3-9520-2A9CADA11CF9}.Release|Any CPU.ActiveCfg = Release|Any CPU
		{F65348D0-05D9-4CA3-9520-2A9CADA11CF9}.Release|Any CPU.Build.0 = Release|Any CPU
	EndGlobalSection
	GlobalSection(SolutionProperties) = preSolution
		HideSolutionNode = FALSE
	EndGlobalSection
	GlobalSection(ExtensibilityGlobals) = postSolution
		SolutionGuid = {F44786EC-B7FE-4775-94DF-C687F2D33F57}
	EndGlobalSection
EndGlobal
