
Microsoft Visual Studio Solution File, Format Version 12.00
# Visual Studio 15
VisualStudioVersion = 15.0.28307.1300
MinimumVisualStudioVersion = 10.0.40219.1
Project("{FAE04EC0-301F-11D3-BF4B-00C04F79EFBC}") = "altPairs", "altPairs\altPairs.csproj", "{31F2F4D6-5434-445B-95FD-9828D05C7F82}"
EndProject
Global
	GlobalSection(SolutionConfigurationPlatforms) = preSolution
		Debug|Any CPU = Debug|Any CPU
		Release|Any CPU = Release|Any CPU
	EndGlobalSection
	GlobalSection(ProjectConfigurationPlatforms) = postSolution
		{31F2F4D6-5434-445B-95FD-9828D05C7F82}.Debug|Any CPU.ActiveCfg = Debug|Any CPU
		{31F2F4D6-5434-445B-95FD-9828D05C7F82}.Debug|Any CPU.Build.0 = Debug|Any CPU
		{31F2F4D6-5434-445B-95FD-9828D05C7F82}.Release|Any CPU.ActiveCfg = Release|Any CPU
		{31F2F4D6-5434-445B-95FD-9828D05C7F82}.Release|Any CPU.Build.0 = Release|Any CPU
	EndGlobalSection
	GlobalSection(SolutionProperties) = preSolution
		HideSolutionNode = FALSE
	EndGlobalSection
	GlobalSection(ExtensibilityGlobals) = postSolution
		SolutionGuid = {80305A00-0C9A-4B38-8FF7-A60E302B067A}
	EndGlobalSection
EndGlobal
