
Microsoft Visual Studio Solution File, Format Version 12.00
# Visual Studio 15
VisualStudioVersion = 15.0.28307.1300
MinimumVisualStudioVersion = 10.0.40219.1
Project("{FAE04EC0-301F-11D3-BF4B-00C04F79EFBC}") = "intMax", "intMax\intMax.csproj", "{FD265BF2-BE4F-4B0F-84CB-40A35FBAFC91}"
EndProject
Global
	GlobalSection(SolutionConfigurationPlatforms) = preSolution
		Debug|Any CPU = Debug|Any CPU
		Release|Any CPU = Release|Any CPU
	EndGlobalSection
	GlobalSection(ProjectConfigurationPlatforms) = postSolution
		{FD265BF2-BE4F-4B0F-84CB-40A35FBAFC91}.Debug|Any CPU.ActiveCfg = Debug|Any CPU
		{FD265BF2-BE4F-4B0F-84CB-40A35FBAFC91}.Debug|Any CPU.Build.0 = Debug|Any CPU
		{FD265BF2-BE4F-4B0F-84CB-40A35FBAFC91}.Release|Any CPU.ActiveCfg = Release|Any CPU
		{FD265BF2-BE4F-4B0F-84CB-40A35FBAFC91}.Release|Any CPU.Build.0 = Release|Any CPU
	EndGlobalSection
	GlobalSection(SolutionProperties) = preSolution
		HideSolutionNode = FALSE
	EndGlobalSection
	GlobalSection(ExtensibilityGlobals) = postSolution
		SolutionGuid = {7371AAB5-4E5F-482E-8F50-0B9EB839BBF8}
	EndGlobalSection
EndGlobal
