
Microsoft Visual Studio Solution File, Format Version 12.00
# Visual Studio 15
VisualStudioVersion = 15.0.28307.1300
MinimumVisualStudioVersion = 10.0.40219.1
Project("{FAE04EC0-301F-11D3-BF4B-00C04F79EFBC}") = "withoutTen", "withoutTen\withoutTen.csproj", "{07651A29-181A-4301-B3F7-C2FFA8DB0311}"
EndProject
Global
	GlobalSection(SolutionConfigurationPlatforms) = preSolution
		Debug|Any CPU = Debug|Any CPU
		Release|Any CPU = Release|Any CPU
	EndGlobalSection
	GlobalSection(ProjectConfigurationPlatforms) = postSolution
		{07651A29-181A-4301-B3F7-C2FFA8DB0311}.Debug|Any CPU.ActiveCfg = Debug|Any CPU
		{07651A29-181A-4301-B3F7-C2FFA8DB0311}.Debug|Any CPU.Build.0 = Debug|Any CPU
		{07651A29-181A-4301-B3F7-C2FFA8DB0311}.Release|Any CPU.ActiveCfg = Release|Any CPU
		{07651A29-181A-4301-B3F7-C2FFA8DB0311}.Release|Any CPU.Build.0 = Release|Any CPU
	EndGlobalSection
	GlobalSection(SolutionProperties) = preSolution
		HideSolutionNode = FALSE
	EndGlobalSection
	GlobalSection(ExtensibilityGlobals) = postSolution
		SolutionGuid = {116B6F37-EC29-4D32-BDA7-3D01015CD2E3}
	EndGlobalSection
EndGlobal
