
Microsoft Visual Studio Solution File, Format Version 12.00
# Visual Studio 15
VisualStudioVersion = 15.0.28307.1300
MinimumVisualStudioVersion = 10.0.40219.1
Project("{FAE04EC0-301F-11D3-BF4B-00C04F79EFBC}") = "atFirst", "atFirst\atFirst.csproj", "{7E30ECC6-382D-431C-AFAE-45A2A603980E}"
EndProject
Global
	GlobalSection(SolutionConfigurationPlatforms) = preSolution
		Debug|Any CPU = Debug|Any CPU
		Release|Any CPU = Release|Any CPU
	EndGlobalSection
	GlobalSection(ProjectConfigurationPlatforms) = postSolution
		{7E30ECC6-382D-431C-AFAE-45A2A603980E}.Debug|Any CPU.ActiveCfg = Debug|Any CPU
		{7E30ECC6-382D-431C-AFAE-45A2A603980E}.Debug|Any CPU.Build.0 = Debug|Any CPU
		{7E30ECC6-382D-431C-AFAE-45A2A603980E}.Release|Any CPU.ActiveCfg = Release|Any CPU
		{7E30ECC6-382D-431C-AFAE-45A2A603980E}.Release|Any CPU.Build.0 = Release|Any CPU
	EndGlobalSection
	GlobalSection(SolutionProperties) = preSolution
		HideSolutionNode = FALSE
	EndGlobalSection
	GlobalSection(ExtensibilityGlobals) = postSolution
		SolutionGuid = {DF1F82BB-77A4-4B94-B24F-B844CFAFA68E}
	EndGlobalSection
EndGlobal
