
Microsoft Visual Studio Solution File, Format Version 12.00
# Visual Studio 15
VisualStudioVersion = 15.0.28307.1300
MinimumVisualStudioVersion = 10.0.40219.1
Project("{FAE04EC0-301F-11D3-BF4B-00C04F79EFBC}") = "stringBits", "stringBits\stringBits.csproj", "{CC476DCD-7FD2-4D13-8CBC-5524B59B0D8C}"
EndProject
Global
	GlobalSection(SolutionConfigurationPlatforms) = preSolution
		Debug|Any CPU = Debug|Any CPU
		Release|Any CPU = Release|Any CPU
	EndGlobalSection
	GlobalSection(ProjectConfigurationPlatforms) = postSolution
		{CC476DCD-7FD2-4D13-8CBC-5524B59B0D8C}.Debug|Any CPU.ActiveCfg = Debug|Any CPU
		{CC476DCD-7FD2-4D13-8CBC-5524B59B0D8C}.Debug|Any CPU.Build.0 = Debug|Any CPU
		{CC476DCD-7FD2-4D13-8CBC-5524B59B0D8C}.Release|Any CPU.ActiveCfg = Release|Any CPU
		{CC476DCD-7FD2-4D13-8CBC-5524B59B0D8C}.Release|Any CPU.Build.0 = Release|Any CPU
	EndGlobalSection
	GlobalSection(SolutionProperties) = preSolution
		HideSolutionNode = FALSE
	EndGlobalSection
	GlobalSection(ExtensibilityGlobals) = postSolution
		SolutionGuid = {CD3EE1AF-5412-4995-B877-986C16A76AD7}
	EndGlobalSection
EndGlobal
