
Microsoft Visual Studio Solution File, Format Version 12.00
# Visual Studio 15
VisualStudioVersion = 15.0.28307.1300
MinimumVisualStudioVersion = 10.0.40219.1
Project("{FAE04EC0-301F-11D3-BF4B-00C04F79EFBC}") = "countCode", "countCode\countCode.csproj", "{A056C038-55AE-43F6-AAA5-2E3DF6BDE984}"
EndProject
Global
	GlobalSection(SolutionConfigurationPlatforms) = preSolution
		Debug|Any CPU = Debug|Any CPU
		Release|Any CPU = Release|Any CPU
	EndGlobalSection
	GlobalSection(ProjectConfigurationPlatforms) = postSolution
		{A056C038-55AE-43F6-AAA5-2E3DF6BDE984}.Debug|Any CPU.ActiveCfg = Debug|Any CPU
		{A056C038-55AE-43F6-AAA5-2E3DF6BDE984}.Debug|Any CPU.Build.0 = Debug|Any CPU
		{A056C038-55AE-43F6-AAA5-2E3DF6BDE984}.Release|Any CPU.ActiveCfg = Release|Any CPU
		{A056C038-55AE-43F6-AAA5-2E3DF6BDE984}.Release|Any CPU.Build.0 = Release|Any CPU
	EndGlobalSection
	GlobalSection(SolutionProperties) = preSolution
		HideSolutionNode = FALSE
	EndGlobalSection
	GlobalSection(ExtensibilityGlobals) = postSolution
		SolutionGuid = {AE9F7089-CF17-401D-81BB-9E09B1FBEAA5}
	EndGlobalSection
EndGlobal
