
Microsoft Visual Studio Solution File, Format Version 12.00
# Visual Studio 15
VisualStudioVersion = 15.0.28307.1300
MinimumVisualStudioVersion = 10.0.40219.1
Project("{FAE04EC0-301F-11D3-BF4B-00C04F79EFBC}") = "xyBalance", "xyBalance\xyBalance.csproj", "{01481A03-45E0-4456-9DB9-9F7068862836}"
EndProject
Global
	GlobalSection(SolutionConfigurationPlatforms) = preSolution
		Debug|Any CPU = Debug|Any CPU
		Release|Any CPU = Release|Any CPU
	EndGlobalSection
	GlobalSection(ProjectConfigurationPlatforms) = postSolution
		{01481A03-45E0-4456-9DB9-9F7068862836}.Debug|Any CPU.ActiveCfg = Debug|Any CPU
		{01481A03-45E0-4456-9DB9-9F7068862836}.Debug|Any CPU.Build.0 = Debug|Any CPU
		{01481A03-45E0-4456-9DB9-9F7068862836}.Release|Any CPU.ActiveCfg = Release|Any CPU
		{01481A03-45E0-4456-9DB9-9F7068862836}.Release|Any CPU.Build.0 = Release|Any CPU
	EndGlobalSection
	GlobalSection(SolutionProperties) = preSolution
		HideSolutionNode = FALSE
	EndGlobalSection
	GlobalSection(ExtensibilityGlobals) = postSolution
		SolutionGuid = {C645BF99-644E-4CFD-961B-66B2CA55C34F}
	EndGlobalSection
EndGlobal
