
Microsoft Visual Studio Solution File, Format Version 12.00
# Visual Studio 15
VisualStudioVersion = 15.0.28307.1300
MinimumVisualStudioVersion = 10.0.40219.1
Project("{FAE04EC0-301F-11D3-BF4B-00C04F79EFBC}") = "noTeen", "noTeen\noTeen.csproj", "{1A433824-8BC6-446B-B8E9-272652070FCE}"
EndProject
Global
	GlobalSection(SolutionConfigurationPlatforms) = preSolution
		Debug|Any CPU = Debug|Any CPU
		Release|Any CPU = Release|Any CPU
	EndGlobalSection
	GlobalSection(ProjectConfigurationPlatforms) = postSolution
		{1A433824-8BC6-446B-B8E9-272652070FCE}.Debug|Any CPU.ActiveCfg = Debug|Any CPU
		{1A433824-8BC6-446B-B8E9-272652070FCE}.Debug|Any CPU.Build.0 = Debug|Any CPU
		{1A433824-8BC6-446B-B8E9-272652070FCE}.Release|Any CPU.ActiveCfg = Release|Any CPU
		{1A433824-8BC6-446B-B8E9-272652070FCE}.Release|Any CPU.Build.0 = Release|Any CPU
	EndGlobalSection
	GlobalSection(SolutionProperties) = preSolution
		HideSolutionNode = FALSE
	EndGlobalSection
	GlobalSection(ExtensibilityGlobals) = postSolution
		SolutionGuid = {35FDB851-317F-492D-B988-6766F8F9D7E6}
	EndGlobalSection
EndGlobal
