
Microsoft Visual Studio Solution File, Format Version 12.00
# Visual Studio 15
VisualStudioVersion = 15.0.28307.1300
MinimumVisualStudioVersion = 10.0.40219.1
Project("{FAE04EC0-301F-11D3-BF4B-00C04F79EFBC}") = "has12", "has12\has12.csproj", "{ED70D45B-9E3B-44B4-9F92-7545DB0FAEBF}"
EndProject
Global
	GlobalSection(SolutionConfigurationPlatforms) = preSolution
		Debug|Any CPU = Debug|Any CPU
		Release|Any CPU = Release|Any CPU
	EndGlobalSection
	GlobalSection(ProjectConfigurationPlatforms) = postSolution
		{ED70D45B-9E3B-44B4-9F92-7545DB0FAEBF}.Debug|Any CPU.ActiveCfg = Debug|Any CPU
		{ED70D45B-9E3B-44B4-9F92-7545DB0FAEBF}.Debug|Any CPU.Build.0 = Debug|Any CPU
		{ED70D45B-9E3B-44B4-9F92-7545DB0FAEBF}.Release|Any CPU.ActiveCfg = Release|Any CPU
		{ED70D45B-9E3B-44B4-9F92-7545DB0FAEBF}.Release|Any CPU.Build.0 = Release|Any CPU
	EndGlobalSection
	GlobalSection(SolutionProperties) = preSolution
		HideSolutionNode = FALSE
	EndGlobalSection
	GlobalSection(ExtensibilityGlobals) = postSolution
		SolutionGuid = {3F083A66-15BC-4BB4-A415-0DCAC101BE95}
	EndGlobalSection
EndGlobal
