
Microsoft Visual Studio Solution File, Format Version 12.00
# Visual Studio 15
VisualStudioVersion = 15.0.28307.1300
MinimumVisualStudioVersion = 10.0.40219.1
Project("{FAE04EC0-301F-11D3-BF4B-00C04F79EFBC}") = "FirstChar", "FirstChar\FirstChar.csproj", "{B5860F3D-2CE3-4D95-BB94-7DAC2C846078}"
EndProject
Global
	GlobalSection(SolutionConfigurationPlatforms) = preSolution
		Debug|Any CPU = Debug|Any CPU
		Release|Any CPU = Release|Any CPU
	EndGlobalSection
	GlobalSection(ProjectConfigurationPlatforms) = postSolution
		{B5860F3D-2CE3-4D95-BB94-7DAC2C846078}.Debug|Any CPU.ActiveCfg = Debug|Any CPU
		{B5860F3D-2CE3-4D95-BB94-7DAC2C846078}.Debug|Any CPU.Build.0 = Debug|Any CPU
		{B5860F3D-2CE3-4D95-BB94-7DAC2C846078}.Release|Any CPU.ActiveCfg = Release|Any CPU
		{B5860F3D-2CE3-4D95-BB94-7DAC2C846078}.Release|Any CPU.Build.0 = Release|Any CPU
	EndGlobalSection
	GlobalSection(SolutionProperties) = preSolution
		HideSolutionNode = FALSE
	EndGlobalSection
	GlobalSection(ExtensibilityGlobals) = postSolution
		SolutionGuid = {7E0D6BEF-DFBB-4727-A2F7-EC0C735CD692}
	EndGlobalSection
EndGlobal
