
Microsoft Visual Studio Solution File, Format Version 12.00
# Visual Studio 15
VisualStudioVersion = 15.0.28307.1300
MinimumVisualStudioVersion = 10.0.40219.1
Project("{FAE04EC0-301F-11D3-BF4B-00C04F79EFBC}") = "groupSumClump", "groupSumClump\groupSumClump.csproj", "{129EC132-4212-4B87-8EA1-530A0E6006DA}"
EndProject
Global
	GlobalSection(SolutionConfigurationPlatforms) = preSolution
		Debug|Any CPU = Debug|Any CPU
		Release|Any CPU = Release|Any CPU
	EndGlobalSection
	GlobalSection(ProjectConfigurationPlatforms) = postSolution
		{129EC132-4212-4B87-8EA1-530A0E6006DA}.Debug|Any CPU.ActiveCfg = Debug|Any CPU
		{129EC132-4212-4B87-8EA1-530A0E6006DA}.Debug|Any CPU.Build.0 = Debug|Any CPU
		{129EC132-4212-4B87-8EA1-530A0E6006DA}.Release|Any CPU.ActiveCfg = Release|Any CPU
		{129EC132-4212-4B87-8EA1-530A0E6006DA}.Release|Any CPU.Build.0 = Release|Any CPU
	EndGlobalSection
	GlobalSection(SolutionProperties) = preSolution
		HideSolutionNode = FALSE
	EndGlobalSection
	GlobalSection(ExtensibilityGlobals) = postSolution
		SolutionGuid = {7ADD12AB-F424-40B4-8CA4-35C634C8BA13}
	EndGlobalSection
EndGlobal
