
Microsoft Visual Studio Solution File, Format Version 12.00
# Visual Studio 15
VisualStudioVersion = 15.0.28307.1300
MinimumVisualStudioVersion = 10.0.40219.1
Project("{FAE04EC0-301F-11D3-BF4B-00C04F79EFBC}") = "firstSwap", "firstSwap\firstSwap.csproj", "{C90E1257-8A64-4F1E-854B-75CCD763A5AA}"
EndProject
Global
	GlobalSection(SolutionConfigurationPlatforms) = preSolution
		Debug|Any CPU = Debug|Any CPU
		Release|Any CPU = Release|Any CPU
	EndGlobalSection
	GlobalSection(ProjectConfigurationPlatforms) = postSolution
		{C90E1257-8A64-4F1E-854B-75CCD763A5AA}.Debug|Any CPU.ActiveCfg = Debug|Any CPU
		{C90E1257-8A64-4F1E-854B-75CCD763A5AA}.Debug|Any CPU.Build.0 = Debug|Any CPU
		{C90E1257-8A64-4F1E-854B-75CCD763A5AA}.Release|Any CPU.ActiveCfg = Release|Any CPU
		{C90E1257-8A64-4F1E-854B-75CCD763A5AA}.Release|Any CPU.Build.0 = Release|Any CPU
	EndGlobalSection
	GlobalSection(SolutionProperties) = preSolution
		HideSolutionNode = FALSE
	EndGlobalSection
	GlobalSection(ExtensibilityGlobals) = postSolution
		SolutionGuid = {FA714AFB-124B-428C-A716-1C7C41C0B32C}
	EndGlobalSection
EndGlobal
