
Microsoft Visual Studio Solution File, Format Version 12.00
# Visual Studio 15
VisualStudioVersion = 15.0.28307.1300
MinimumVisualStudioVersion = 10.0.40219.1
Project("{FAE04EC0-301F-11D3-BF4B-00C04F79EFBC}") = "bigDiff", "bigDiff\bigDiff.csproj", "{78EE0CB9-3296-45F2-9A78-0C2D75415078}"
EndProject
Global
	GlobalSection(SolutionConfigurationPlatforms) = preSolution
		Debug|Any CPU = Debug|Any CPU
		Release|Any CPU = Release|Any CPU
	EndGlobalSection
	GlobalSection(ProjectConfigurationPlatforms) = postSolution
		{78EE0CB9-3296-45F2-9A78-0C2D75415078}.Debug|Any CPU.ActiveCfg = Debug|Any CPU
		{78EE0CB9-3296-45F2-9A78-0C2D75415078}.Debug|Any CPU.Build.0 = Debug|Any CPU
		{78EE0CB9-3296-45F2-9A78-0C2D75415078}.Release|Any CPU.ActiveCfg = Release|Any CPU
		{78EE0CB9-3296-45F2-9A78-0C2D75415078}.Release|Any CPU.Build.0 = Release|Any CPU
	EndGlobalSection
	GlobalSection(SolutionProperties) = preSolution
		HideSolutionNode = FALSE
	EndGlobalSection
	GlobalSection(ExtensibilityGlobals) = postSolution
		SolutionGuid = {27254F67-8B2D-4A81-8A3D-F1964FC0865B}
	EndGlobalSection
EndGlobal
