
Microsoft Visual Studio Solution File, Format Version 12.00
# Visual Studio 15
VisualStudioVersion = 15.0.28307.1300
MinimumVisualStudioVersion = 10.0.40219.1
Project("{FAE04EC0-301F-11D3-BF4B-00C04F79EFBC}") = "groupSum5", "groupSum5\groupSum5.csproj", "{A0968F15-AAFC-4E35-93B7-6F07DE9FFACD}"
EndProject
Global
	GlobalSection(SolutionConfigurationPlatforms) = preSolution
		Debug|Any CPU = Debug|Any CPU
		Release|Any CPU = Release|Any CPU
	EndGlobalSection
	GlobalSection(ProjectConfigurationPlatforms) = postSolution
		{A0968F15-AAFC-4E35-93B7-6F07DE9FFACD}.Debug|Any CPU.ActiveCfg = Debug|Any CPU
		{A0968F15-AAFC-4E35-93B7-6F07DE9FFACD}.Debug|Any CPU.Build.0 = Debug|Any CPU
		{A0968F15-AAFC-4E35-93B7-6F07DE9FFACD}.Release|Any CPU.ActiveCfg = Release|Any CPU
		{A0968F15-AAFC-4E35-93B7-6F07DE9FFACD}.Release|Any CPU.Build.0 = Release|Any CPU
	EndGlobalSection
	GlobalSection(SolutionProperties) = preSolution
		HideSolutionNode = FALSE
	EndGlobalSection
	GlobalSection(ExtensibilityGlobals) = postSolution
		SolutionGuid = {0507C468-367D-4CAC-A51B-A61F73999E24}
	EndGlobalSection
EndGlobal
