
Microsoft Visual Studio Solution File, Format Version 12.00
# Visual Studio 15
VisualStudioVersion = 15.0.28307.1300
MinimumVisualStudioVersion = 10.0.40219.1
Project("{FAE04EC0-301F-11D3-BF4B-00C04F79EFBC}") = "startOz", "startOz\startOz.csproj", "{BA806D2B-B456-4216-8F55-29531B6A4AF1}"
EndProject
Global
	GlobalSection(SolutionConfigurationPlatforms) = preSolution
		Debug|Any CPU = Debug|Any CPU
		Release|Any CPU = Release|Any CPU
	EndGlobalSection
	GlobalSection(ProjectConfigurationPlatforms) = postSolution
		{BA806D2B-B456-4216-8F55-29531B6A4AF1}.Debug|Any CPU.ActiveCfg = Debug|Any CPU
		{BA806D2B-B456-4216-8F55-29531B6A4AF1}.Debug|Any CPU.Build.0 = Debug|Any CPU
		{BA806D2B-B456-4216-8F55-29531B6A4AF1}.Release|Any CPU.ActiveCfg = Release|Any CPU
		{BA806D2B-B456-4216-8F55-29531B6A4AF1}.Release|Any CPU.Build.0 = Release|Any CPU
	EndGlobalSection
	GlobalSection(SolutionProperties) = preSolution
		HideSolutionNode = FALSE
	EndGlobalSection
	GlobalSection(ExtensibilityGlobals) = postSolution
		SolutionGuid = {8E3D2072-E8E7-4702-9F90-3EE9E0D95AA1}
	EndGlobalSection
EndGlobal
