
Microsoft Visual Studio Solution File, Format Version 12.00
# Visual Studio 15
VisualStudioVersion = 15.0.28307.1300
MinimumVisualStudioVersion = 10.0.40219.1
Project("{FAE04EC0-301F-11D3-BF4B-00C04F79EFBC}") = "countHi2", "countHi2\countHi2.csproj", "{27DF4DA3-CB4A-4BB9-9E39-CBDBFE189278}"
EndProject
Global
	GlobalSection(SolutionConfigurationPlatforms) = preSolution
		Debug|Any CPU = Debug|Any CPU
		Release|Any CPU = Release|Any CPU
	EndGlobalSection
	GlobalSection(ProjectConfigurationPlatforms) = postSolution
		{27DF4DA3-CB4A-4BB9-9E39-CBDBFE189278}.Debug|Any CPU.ActiveCfg = Debug|Any CPU
		{27DF4DA3-CB4A-4BB9-9E39-CBDBFE189278}.Debug|Any CPU.Build.0 = Debug|Any CPU
		{27DF4DA3-CB4A-4BB9-9E39-CBDBFE189278}.Release|Any CPU.ActiveCfg = Release|Any CPU
		{27DF4DA3-CB4A-4BB9-9E39-CBDBFE189278}.Release|Any CPU.Build.0 = Release|Any CPU
	EndGlobalSection
	GlobalSection(SolutionProperties) = preSolution
		HideSolutionNode = FALSE
	EndGlobalSection
	GlobalSection(ExtensibilityGlobals) = postSolution
		SolutionGuid = {B5EBB4EE-488C-428B-8C26-163277EF52FE}
	EndGlobalSection
EndGlobal
