
Microsoft Visual Studio Solution File, Format Version 12.00
# Visual Studio 15
VisualStudioVersion = 15.0.28307.1300
MinimumVisualStudioVersion = 10.0.40219.1
Project("{FAE04EC0-301F-11D3-BF4B-00C04F79EFBC}") = "teaParty", "teaParty\teaParty.csproj", "{6F6979DA-EB05-4411-8412-1804FA39B414}"
EndProject
Global
	GlobalSection(SolutionConfigurationPlatforms) = preSolution
		Debug|Any CPU = Debug|Any CPU
		Release|Any CPU = Release|Any CPU
	EndGlobalSection
	GlobalSection(ProjectConfigurationPlatforms) = postSolution
		{6F6979DA-EB05-4411-8412-1804FA39B414}.Debug|Any CPU.ActiveCfg = Debug|Any CPU
		{6F6979DA-EB05-4411-8412-1804FA39B414}.Debug|Any CPU.Build.0 = Debug|Any CPU
		{6F6979DA-EB05-4411-8412-1804FA39B414}.Release|Any CPU.ActiveCfg = Release|Any CPU
		{6F6979DA-EB05-4411-8412-1804FA39B414}.Release|Any CPU.Build.0 = Release|Any CPU
	EndGlobalSection
	GlobalSection(SolutionProperties) = preSolution
		HideSolutionNode = FALSE
	EndGlobalSection
	GlobalSection(ExtensibilityGlobals) = postSolution
		SolutionGuid = {6793493D-2A85-4DA1-9E30-FE7448B04F20}
	EndGlobalSection
EndGlobal
