
Microsoft Visual Studio Solution File, Format Version 12.00
# Visual Studio 15
VisualStudioVersion = 15.0.28307.1300
MinimumVisualStudioVersion = 10.0.40219.1
Project("{FAE04EC0-301F-11D3-BF4B-00C04F79EFBC}") = "commonEnd", "commonEnd\commonEnd.csproj", "{B950701C-9B69-45E7-ADE2-C831C613D32A}"
EndProject
Global
	GlobalSection(SolutionConfigurationPlatforms) = preSolution
		Debug|Any CPU = Debug|Any CPU
		Release|Any CPU = Release|Any CPU
	EndGlobalSection
	GlobalSection(ProjectConfigurationPlatforms) = postSolution
		{B950701C-9B69-45E7-ADE2-C831C613D32A}.Debug|Any CPU.ActiveCfg = Debug|Any CPU
		{B950701C-9B69-45E7-ADE2-C831C613D32A}.Debug|Any CPU.Build.0 = Debug|Any CPU
		{B950701C-9B69-45E7-ADE2-C831C613D32A}.Release|Any CPU.ActiveCfg = Release|Any CPU
		{B950701C-9B69-45E7-ADE2-C831C613D32A}.Release|Any CPU.Build.0 = Release|Any CPU
	EndGlobalSection
	GlobalSection(SolutionProperties) = preSolution
		HideSolutionNode = FALSE
	EndGlobalSection
	GlobalSection(ExtensibilityGlobals) = postSolution
		SolutionGuid = {E3566F6C-B0B2-4511-B08D-B6409A27C1C8}
	EndGlobalSection
EndGlobal
