
Microsoft Visual Studio Solution File, Format Version 12.00
# Visual Studio 15
VisualStudioVersion = 15.0.28307.1300
MinimumVisualStudioVersion = 10.0.40219.1
Project("{FAE04EC0-301F-11D3-BF4B-00C04F79EFBC}") = "groupSum", "groupSum\groupSum.csproj", "{78E19B7A-25E4-4BA3-B0B0-240E688F3318}"
EndProject
Global
	GlobalSection(SolutionConfigurationPlatforms) = preSolution
		Debug|Any CPU = Debug|Any CPU
		Release|Any CPU = Release|Any CPU
	EndGlobalSection
	GlobalSection(ProjectConfigurationPlatforms) = postSolution
		{78E19B7A-25E4-4BA3-B0B0-240E688F3318}.Debug|Any CPU.ActiveCfg = Debug|Any CPU
		{78E19B7A-25E4-4BA3-B0B0-240E688F3318}.Debug|Any CPU.Build.0 = Debug|Any CPU
		{78E19B7A-25E4-4BA3-B0B0-240E688F3318}.Release|Any CPU.ActiveCfg = Release|Any CPU
		{78E19B7A-25E4-4BA3-B0B0-240E688F3318}.Release|Any CPU.Build.0 = Release|Any CPU
	EndGlobalSection
	GlobalSection(SolutionProperties) = preSolution
		HideSolutionNode = FALSE
	EndGlobalSection
	GlobalSection(ExtensibilityGlobals) = postSolution
		SolutionGuid = {E69C1D2A-6C20-45AA-A683-B2ED6F417480}
	EndGlobalSection
EndGlobal
