
Microsoft Visual Studio Solution File, Format Version 12.00
# Visual Studio 15
VisualStudioVersion = 15.0.28307.1300
MinimumVisualStudioVersion = 10.0.40219.1
Project("{FAE04EC0-301F-11D3-BF4B-00C04F79EFBC}") = "scores100", "scores100\scores100.csproj", "{C29C26D4-5B33-45AD-96D3-5B4628454B17}"
EndProject
Global
	GlobalSection(SolutionConfigurationPlatforms) = preSolution
		Debug|Any CPU = Debug|Any CPU
		Release|Any CPU = Release|Any CPU
	EndGlobalSection
	GlobalSection(ProjectConfigurationPlatforms) = postSolution
		{C29C26D4-5B33-45AD-96D3-5B4628454B17}.Debug|Any CPU.ActiveCfg = Debug|Any CPU
		{C29C26D4-5B33-45AD-96D3-5B4628454B17}.Debug|Any CPU.Build.0 = Debug|Any CPU
		{C29C26D4-5B33-45AD-96D3-5B4628454B17}.Release|Any CPU.ActiveCfg = Release|Any CPU
		{C29C26D4-5B33-45AD-96D3-5B4628454B17}.Release|Any CPU.Build.0 = Release|Any CPU
	EndGlobalSection
	GlobalSection(SolutionProperties) = preSolution
		HideSolutionNode = FALSE
	EndGlobalSection
	GlobalSection(ExtensibilityGlobals) = postSolution
		SolutionGuid = {C84F6209-A852-4375-96D7-E7744CDD510B}
	EndGlobalSection
EndGlobal
