
Microsoft Visual Studio Solution File, Format Version 12.00
# Visual Studio 15
VisualStudioVersion = 15.0.28307.1300
MinimumVisualStudioVersion = 10.0.40219.1
Project("{FAE04EC0-301F-11D3-BF4B-00C04F79EFBC}") = "countX", "countX\countX.csproj", "{57105251-E8F7-46F5-8B56-08D7996A5F42}"
EndProject
Global
	GlobalSection(SolutionConfigurationPlatforms) = preSolution
		Debug|Any CPU = Debug|Any CPU
		Release|Any CPU = Release|Any CPU
	EndGlobalSection
	GlobalSection(ProjectConfigurationPlatforms) = postSolution
		{57105251-E8F7-46F5-8B56-08D7996A5F42}.Debug|Any CPU.ActiveCfg = Debug|Any CPU
		{57105251-E8F7-46F5-8B56-08D7996A5F42}.Debug|Any CPU.Build.0 = Debug|Any CPU
		{57105251-E8F7-46F5-8B56-08D7996A5F42}.Release|Any CPU.ActiveCfg = Release|Any CPU
		{57105251-E8F7-46F5-8B56-08D7996A5F42}.Release|Any CPU.Build.0 = Release|Any CPU
	EndGlobalSection
	GlobalSection(SolutionProperties) = preSolution
		HideSolutionNode = FALSE
	EndGlobalSection
	GlobalSection(ExtensibilityGlobals) = postSolution
		SolutionGuid = {05D753AC-F5A3-4D20-AE63-6A82B00A8C74}
	EndGlobalSection
EndGlobal
