
Microsoft Visual Studio Solution File, Format Version 12.00
# Visual Studio 15
VisualStudioVersion = 15.0.28307.1300
MinimumVisualStudioVersion = 10.0.40219.1
Project("{FAE04EC0-301F-11D3-BF4B-00C04F79EFBC}") = "theEnd", "theEnd\theEnd.csproj", "{F64DE443-8C10-437B-9AE1-2917757FDE69}"
EndProject
Global
	GlobalSection(SolutionConfigurationPlatforms) = preSolution
		Debug|Any CPU = Debug|Any CPU
		Release|Any CPU = Release|Any CPU
	EndGlobalSection
	GlobalSection(ProjectConfigurationPlatforms) = postSolution
		{F64DE443-8C10-437B-9AE1-2917757FDE69}.Debug|Any CPU.ActiveCfg = Debug|Any CPU
		{F64DE443-8C10-437B-9AE1-2917757FDE69}.Debug|Any CPU.Build.0 = Debug|Any CPU
		{F64DE443-8C10-437B-9AE1-2917757FDE69}.Release|Any CPU.ActiveCfg = Release|Any CPU
		{F64DE443-8C10-437B-9AE1-2917757FDE69}.Release|Any CPU.Build.0 = Release|Any CPU
	EndGlobalSection
	GlobalSection(SolutionProperties) = preSolution
		HideSolutionNode = FALSE
	EndGlobalSection
	GlobalSection(ExtensibilityGlobals) = postSolution
		SolutionGuid = {D68666B4-D836-4999-BB89-23319F2E4F7C}
	EndGlobalSection
EndGlobal
