
Microsoft Visual Studio Solution File, Format Version 12.00
# Visual Studio 15
VisualStudioVersion = 15.0.28307.1300
MinimumVisualStudioVersion = 10.0.40219.1
Project("{FAE04EC0-301F-11D3-BF4B-00C04F79EFBC}") = "inOrderEqual", "inOrderEqual\inOrderEqual.csproj", "{4E29B456-46C0-4137-9DDD-BA182B011038}"
EndProject
Global
	GlobalSection(SolutionConfigurationPlatforms) = preSolution
		Debug|Any CPU = Debug|Any CPU
		Release|Any CPU = Release|Any CPU
	EndGlobalSection
	GlobalSection(ProjectConfigurationPlatforms) = postSolution
		{4E29B456-46C0-4137-9DDD-BA182B011038}.Debug|Any CPU.ActiveCfg = Debug|Any CPU
		{4E29B456-46C0-4137-9DDD-BA182B011038}.Debug|Any CPU.Build.0 = Debug|Any CPU
		{4E29B456-46C0-4137-9DDD-BA182B011038}.Release|Any CPU.ActiveCfg = Release|Any CPU
		{4E29B456-46C0-4137-9DDD-BA182B011038}.Release|Any CPU.Build.0 = Release|Any CPU
	EndGlobalSection
	GlobalSection(SolutionProperties) = preSolution
		HideSolutionNode = FALSE
	EndGlobalSection
	GlobalSection(ExtensibilityGlobals) = postSolution
		SolutionGuid = {6E6F3EF1-4828-4B00-A3B6-5063F16E1377}
	EndGlobalSection
EndGlobal
