
Microsoft Visual Studio Solution File, Format Version 12.00
# Visual Studio 15
VisualStudioVersion = 15.0.28307.1300
MinimumVisualStudioVersion = 10.0.40219.1
Project("{FAE04EC0-301F-11D3-BF4B-00C04F79EFBC}") = "squareUp", "squareUp\squareUp.csproj", "{6B47AD50-B229-4E2E-99AA-8B600E0797BE}"
EndProject
Global
	GlobalSection(SolutionConfigurationPlatforms) = preSolution
		Debug|Any CPU = Debug|Any CPU
		Release|Any CPU = Release|Any CPU
	EndGlobalSection
	GlobalSection(ProjectConfigurationPlatforms) = postSolution
		{6B47AD50-B229-4E2E-99AA-8B600E0797BE}.Debug|Any CPU.ActiveCfg = Debug|Any CPU
		{6B47AD50-B229-4E2E-99AA-8B600E0797BE}.Debug|Any CPU.Build.0 = Debug|Any CPU
		{6B47AD50-B229-4E2E-99AA-8B600E0797BE}.Release|Any CPU.ActiveCfg = Release|Any CPU
		{6B47AD50-B229-4E2E-99AA-8B600E0797BE}.Release|Any CPU.Build.0 = Release|Any CPU
	EndGlobalSection
	GlobalSection(SolutionProperties) = preSolution
		HideSolutionNode = FALSE
	EndGlobalSection
	GlobalSection(ExtensibilityGlobals) = postSolution
		SolutionGuid = {3A20E767-1F8F-46CB-B965-F94248D10DB2}
	EndGlobalSection
EndGlobal
