
Microsoft Visual Studio Solution File, Format Version 12.00
# Visual Studio 15
VisualStudioVersion = 15.0.28307.1300
MinimumVisualStudioVersion = 10.0.40219.1
Project("{FAE04EC0-301F-11D3-BF4B-00C04F79EFBC}") = "bunnyEars", "bunnyEars\bunnyEars.csproj", "{E842A019-58B5-4F12-A798-A3C3B5C3B028}"
EndProject
Global
	GlobalSection(SolutionConfigurationPlatforms) = preSolution
		Debug|Any CPU = Debug|Any CPU
		Release|Any CPU = Release|Any CPU
	EndGlobalSection
	GlobalSection(ProjectConfigurationPlatforms) = postSolution
		{E842A019-58B5-4F12-A798-A3C3B5C3B028}.Debug|Any CPU.ActiveCfg = Debug|Any CPU
		{E842A019-58B5-4F12-A798-A3C3B5C3B028}.Debug|Any CPU.Build.0 = Debug|Any CPU
		{E842A019-58B5-4F12-A798-A3C3B5C3B028}.Release|Any CPU.ActiveCfg = Release|Any CPU
		{E842A019-58B5-4F12-A798-A3C3B5C3B028}.Release|Any CPU.Build.0 = Release|Any CPU
	EndGlobalSection
	GlobalSection(SolutionProperties) = preSolution
		HideSolutionNode = FALSE
	EndGlobalSection
	GlobalSection(ExtensibilityGlobals) = postSolution
		SolutionGuid = {69A305CB-FCB3-45E2-923E-23A3FAEBA17C}
	EndGlobalSection
EndGlobal
