
Microsoft Visual Studio Solution File, Format Version 12.00
# Visual Studio 15
VisualStudioVersion = 15.0.28307.1300
MinimumVisualStudioVersion = 10.0.40219.1
Project("{FAE04EC0-301F-11D3-BF4B-00C04F79EFBC}") = "makeOutWord", "makeOutWord\makeOutWord.csproj", "{3E54D617-B40A-42CD-BE3D-234CEE0D6C58}"
EndProject
Global
	GlobalSection(SolutionConfigurationPlatforms) = preSolution
		Debug|Any CPU = Debug|Any CPU
		Release|Any CPU = Release|Any CPU
	EndGlobalSection
	GlobalSection(ProjectConfigurationPlatforms) = postSolution
		{3E54D617-B40A-42CD-BE3D-234CEE0D6C58}.Debug|Any CPU.ActiveCfg = Debug|Any CPU
		{3E54D617-B40A-42CD-BE3D-234CEE0D6C58}.Debug|Any CPU.Build.0 = Debug|Any CPU
		{3E54D617-B40A-42CD-BE3D-234CEE0D6C58}.Release|Any CPU.ActiveCfg = Release|Any CPU
		{3E54D617-B40A-42CD-BE3D-234CEE0D6C58}.Release|Any CPU.Build.0 = Release|Any CPU
	EndGlobalSection
	GlobalSection(SolutionProperties) = preSolution
		HideSolutionNode = FALSE
	EndGlobalSection
	GlobalSection(ExtensibilityGlobals) = postSolution
		SolutionGuid = {0C98CED4-5E35-4973-9803-3029E2D5A512}
	EndGlobalSection
EndGlobal
