
Microsoft Visual Studio Solution File, Format Version 12.00
# Visual Studio 15
VisualStudioVersion = 15.0.28307.1300
MinimumVisualStudioVersion = 10.0.40219.1
Project("{FAE04EC0-301F-11D3-BF4B-00C04F79EFBC}") = "countTriple", "countTriple\countTriple.csproj", "{C2EF1E65-E63E-4E4D-9A1A-855513E281DE}"
EndProject
Global
	GlobalSection(SolutionConfigurationPlatforms) = preSolution
		Debug|Any CPU = Debug|Any CPU
		Release|Any CPU = Release|Any CPU
	EndGlobalSection
	GlobalSection(ProjectConfigurationPlatforms) = postSolution
		{C2EF1E65-E63E-4E4D-9A1A-855513E281DE}.Debug|Any CPU.ActiveCfg = Debug|Any CPU
		{C2EF1E65-E63E-4E4D-9A1A-855513E281DE}.Debug|Any CPU.Build.0 = Debug|Any CPU
		{C2EF1E65-E63E-4E4D-9A1A-855513E281DE}.Release|Any CPU.ActiveCfg = Release|Any CPU
		{C2EF1E65-E63E-4E4D-9A1A-855513E281DE}.Release|Any CPU.Build.0 = Release|Any CPU
	EndGlobalSection
	GlobalSection(SolutionProperties) = preSolution
		HideSolutionNode = FALSE
	EndGlobalSection
	GlobalSection(ExtensibilityGlobals) = postSolution
		SolutionGuid = {72444415-C555-4376-A63E-3199A6CEBB78}
	EndGlobalSection
EndGlobal
