
Microsoft Visual Studio Solution File, Format Version 12.00
# Visual Studio 15
VisualStudioVersion = 15.0.28307.1300
MinimumVisualStudioVersion = 10.0.40219.1
Project("{FAE04EC0-301F-11D3-BF4B-00C04F79EFBC}") = "evenlySpaced", "evenlySpaced\evenlySpaced.csproj", "{70E2CE4C-E3AC-4148-8270-5CA082960735}"
EndProject
Global
	GlobalSection(SolutionConfigurationPlatforms) = preSolution
		Debug|Any CPU = Debug|Any CPU
		Release|Any CPU = Release|Any CPU
	EndGlobalSection
	GlobalSection(ProjectConfigurationPlatforms) = postSolution
		{70E2CE4C-E3AC-4148-8270-5CA082960735}.Debug|Any CPU.ActiveCfg = Debug|Any CPU
		{70E2CE4C-E3AC-4148-8270-5CA082960735}.Debug|Any CPU.Build.0 = Debug|Any CPU
		{70E2CE4C-E3AC-4148-8270-5CA082960735}.Release|Any CPU.ActiveCfg = Release|Any CPU
		{70E2CE4C-E3AC-4148-8270-5CA082960735}.Release|Any CPU.Build.0 = Release|Any CPU
	EndGlobalSection
	GlobalSection(SolutionProperties) = preSolution
		HideSolutionNode = FALSE
	EndGlobalSection
	GlobalSection(ExtensibilityGlobals) = postSolution
		SolutionGuid = {741A95B8-F8F8-45BF-B1D9-1FE2D0197FF9}
	EndGlobalSection
EndGlobal
