
Microsoft Visual Studio Solution File, Format Version 12.00
# Visual Studio 15
VisualStudioVersion = 15.0.28307.1300
MinimumVisualStudioVersion = 10.0.40219.1
Project("{FAE04EC0-301F-11D3-BF4B-00C04F79EFBC}") = "stringMatch", "stringMatch\stringMatch.csproj", "{D6DDE8C2-8C06-47F3-B751-0F16960B0304}"
EndProject
Global
	GlobalSection(SolutionConfigurationPlatforms) = preSolution
		Debug|Any CPU = Debug|Any CPU
		Release|Any CPU = Release|Any CPU
	EndGlobalSection
	GlobalSection(ProjectConfigurationPlatforms) = postSolution
		{D6DDE8C2-8C06-47F3-B751-0F16960B0304}.Debug|Any CPU.ActiveCfg = Debug|Any CPU
		{D6DDE8C2-8C06-47F3-B751-0F16960B0304}.Debug|Any CPU.Build.0 = Debug|Any CPU
		{D6DDE8C2-8C06-47F3-B751-0F16960B0304}.Release|Any CPU.ActiveCfg = Release|Any CPU
		{D6DDE8C2-8C06-47F3-B751-0F16960B0304}.Release|Any CPU.Build.0 = Release|Any CPU
	EndGlobalSection
	GlobalSection(SolutionProperties) = preSolution
		HideSolutionNode = FALSE
	EndGlobalSection
	GlobalSection(ExtensibilityGlobals) = postSolution
		SolutionGuid = {1FBD8229-051F-48BA-9E6E-6773EDEE871E}
	EndGlobalSection
EndGlobal
