
Microsoft Visual Studio Solution File, Format Version 12.00
# Visual Studio 15
VisualStudioVersion = 15.0.28307.1300
MinimumVisualStudioVersion = 10.0.40219.1
Project("{FAE04EC0-301F-11D3-BF4B-00C04F79EFBC}") = "firstLast6", "firstLast6\firstLast6.csproj", "{C5D0F874-E273-4A60-8B4A-8C42BE7A717C}"
EndProject
Global
	GlobalSection(SolutionConfigurationPlatforms) = preSolution
		Debug|Any CPU = Debug|Any CPU
		Release|Any CPU = Release|Any CPU
	EndGlobalSection
	GlobalSection(ProjectConfigurationPlatforms) = postSolution
		{C5D0F874-E273-4A60-8B4A-8C42BE7A717C}.Debug|Any CPU.ActiveCfg = Debug|Any CPU
		{C5D0F874-E273-4A60-8B4A-8C42BE7A717C}.Debug|Any CPU.Build.0 = Debug|Any CPU
		{C5D0F874-E273-4A60-8B4A-8C42BE7A717C}.Release|Any CPU.ActiveCfg = Release|Any CPU
		{C5D0F874-E273-4A60-8B4A-8C42BE7A717C}.Release|Any CPU.Build.0 = Release|Any CPU
	EndGlobalSection
	GlobalSection(SolutionProperties) = preSolution
		HideSolutionNode = FALSE
	EndGlobalSection
	GlobalSection(ExtensibilityGlobals) = postSolution
		SolutionGuid = {84653807-A801-4DC6-83AF-7FF4C063A348}
	EndGlobalSection
EndGlobal
