
Microsoft Visual Studio Solution File, Format Version 12.00
# Visual Studio 15
VisualStudioVersion = 15.0.28307.1300
MinimumVisualStudioVersion = 10.0.40219.1
Project("{FAE04EC0-301F-11D3-BF4B-00C04F79EFBC}") = "deFront", "deFront\deFront.csproj", "{7126E777-5DF2-41BC-A228-3E59493D7D75}"
EndProject
Global
	GlobalSection(SolutionConfigurationPlatforms) = preSolution
		Debug|Any CPU = Debug|Any CPU
		Release|Any CPU = Release|Any CPU
	EndGlobalSection
	GlobalSection(ProjectConfigurationPlatforms) = postSolution
		{7126E777-5DF2-41BC-A228-3E59493D7D75}.Debug|Any CPU.ActiveCfg = Debug|Any CPU
		{7126E777-5DF2-41BC-A228-3E59493D7D75}.Debug|Any CPU.Build.0 = Debug|Any CPU
		{7126E777-5DF2-41BC-A228-3E59493D7D75}.Release|Any CPU.ActiveCfg = Release|Any CPU
		{7126E777-5DF2-41BC-A228-3E59493D7D75}.Release|Any CPU.Build.0 = Release|Any CPU
	EndGlobalSection
	GlobalSection(SolutionProperties) = preSolution
		HideSolutionNode = FALSE
	EndGlobalSection
	GlobalSection(ExtensibilityGlobals) = postSolution
		SolutionGuid = {B0B3AEF0-981E-4248-88ED-73F97A9A94D5}
	EndGlobalSection
EndGlobal
