
Microsoft Visual Studio Solution File, Format Version 12.00
# Visual Studio 15
VisualStudioVersion = 15.0.28307.1300
MinimumVisualStudioVersion = 10.0.40219.1
Project("{FAE04EC0-301F-11D3-BF4B-00C04F79EFBC}") = "noTriples", "noTriples\noTriples.csproj", "{4A988736-4E4E-481B-ACC4-1B1C89E74080}"
EndProject
Global
	GlobalSection(SolutionConfigurationPlatforms) = preSolution
		Debug|Any CPU = Debug|Any CPU
		Release|Any CPU = Release|Any CPU
	EndGlobalSection
	GlobalSection(ProjectConfigurationPlatforms) = postSolution
		{4A988736-4E4E-481B-ACC4-1B1C89E74080}.Debug|Any CPU.ActiveCfg = Debug|Any CPU
		{4A988736-4E4E-481B-ACC4-1B1C89E74080}.Debug|Any CPU.Build.0 = Debug|Any CPU
		{4A988736-4E4E-481B-ACC4-1B1C89E74080}.Release|Any CPU.ActiveCfg = Release|Any CPU
		{4A988736-4E4E-481B-ACC4-1B1C89E74080}.Release|Any CPU.Build.0 = Release|Any CPU
	EndGlobalSection
	GlobalSection(SolutionProperties) = preSolution
		HideSolutionNode = FALSE
	EndGlobalSection
	GlobalSection(ExtensibilityGlobals) = postSolution
		SolutionGuid = {3D87332D-0DA7-4ADA-AC3D-362C53FD57D2}
	EndGlobalSection
EndGlobal
