
Microsoft Visual Studio Solution File, Format Version 12.00
# Visual Studio 15
VisualStudioVersion = 15.0.28307.1300
MinimumVisualStudioVersion = 10.0.40219.1
Project("{FAE04EC0-301F-11D3-BF4B-00C04F79EFBC}") = "twoTwo", "twoTwo\twoTwo.csproj", "{EBA39350-7459-4A4B-A0E1-5AFF9619C978}"
EndProject
Global
	GlobalSection(SolutionConfigurationPlatforms) = preSolution
		Debug|Any CPU = Debug|Any CPU
		Release|Any CPU = Release|Any CPU
	EndGlobalSection
	GlobalSection(ProjectConfigurationPlatforms) = postSolution
		{EBA39350-7459-4A4B-A0E1-5AFF9619C978}.Debug|Any CPU.ActiveCfg = Debug|Any CPU
		{EBA39350-7459-4A4B-A0E1-5AFF9619C978}.Debug|Any CPU.Build.0 = Debug|Any CPU
		{EBA39350-7459-4A4B-A0E1-5AFF9619C978}.Release|Any CPU.ActiveCfg = Release|Any CPU
		{EBA39350-7459-4A4B-A0E1-5AFF9619C978}.Release|Any CPU.Build.0 = Release|Any CPU
	EndGlobalSection
	GlobalSection(SolutionProperties) = preSolution
		HideSolutionNode = FALSE
	EndGlobalSection
	GlobalSection(ExtensibilityGlobals) = postSolution
		SolutionGuid = {889A12C5-B3A9-46A5-8AF0-121A0D9D4299}
	EndGlobalSection
EndGlobal
