
Microsoft Visual Studio Solution File, Format Version 12.00
# Visual Studio 15
VisualStudioVersion = 15.0.28307.1300
MinimumVisualStudioVersion = 10.0.40219.1
Project("{FAE04EC0-301F-11D3-BF4B-00C04F79EFBC}") = "countHi", "countHi\countHi.csproj", "{5640BF17-E1D5-4C00-9E60-D2786D502A0E}"
EndProject
Global
	GlobalSection(SolutionConfigurationPlatforms) = preSolution
		Debug|Any CPU = Debug|Any CPU
		Release|Any CPU = Release|Any CPU
	EndGlobalSection
	GlobalSection(ProjectConfigurationPlatforms) = postSolution
		{5640BF17-E1D5-4C00-9E60-D2786D502A0E}.Debug|Any CPU.ActiveCfg = Debug|Any CPU
		{5640BF17-E1D5-4C00-9E60-D2786D502A0E}.Debug|Any CPU.Build.0 = Debug|Any CPU
		{5640BF17-E1D5-4C00-9E60-D2786D502A0E}.Release|Any CPU.ActiveCfg = Release|Any CPU
		{5640BF17-E1D5-4C00-9E60-D2786D502A0E}.Release|Any CPU.Build.0 = Release|Any CPU
	EndGlobalSection
	GlobalSection(SolutionProperties) = preSolution
		HideSolutionNode = FALSE
	EndGlobalSection
	GlobalSection(ExtensibilityGlobals) = postSolution
		SolutionGuid = {14B87F10-C68C-4033-A362-976A1FECB872}
	EndGlobalSection
EndGlobal
