
Microsoft Visual Studio Solution File, Format Version 12.00
# Visual Studio 15
VisualStudioVersion = 15.0.28307.1300
MinimumVisualStudioVersion = 10.0.40219.1
Project("{FAE04EC0-301F-11D3-BF4B-00C04F79EFBC}") = "hasOne", "hasOne\hasOne.csproj", "{42D31EE3-5AFE-4571-BA5F-CE8DEDEF7456}"
EndProject
Global
	GlobalSection(SolutionConfigurationPlatforms) = preSolution
		Debug|Any CPU = Debug|Any CPU
		Release|Any CPU = Release|Any CPU
	EndGlobalSection
	GlobalSection(ProjectConfigurationPlatforms) = postSolution
		{42D31EE3-5AFE-4571-BA5F-CE8DEDEF7456}.Debug|Any CPU.ActiveCfg = Debug|Any CPU
		{42D31EE3-5AFE-4571-BA5F-CE8DEDEF7456}.Debug|Any CPU.Build.0 = Debug|Any CPU
		{42D31EE3-5AFE-4571-BA5F-CE8DEDEF7456}.Release|Any CPU.ActiveCfg = Release|Any CPU
		{42D31EE3-5AFE-4571-BA5F-CE8DEDEF7456}.Release|Any CPU.Build.0 = Release|Any CPU
	EndGlobalSection
	GlobalSection(SolutionProperties) = preSolution
		HideSolutionNode = FALSE
	EndGlobalSection
	GlobalSection(ExtensibilityGlobals) = postSolution
		SolutionGuid = {B035374E-26EE-498F-97B9-90676769F482}
	EndGlobalSection
EndGlobal
