
Microsoft Visual Studio Solution File, Format Version 12.00
# Visual Studio 15
VisualStudioVersion = 15.0.28307.1300
MinimumVisualStudioVersion = 10.0.40219.1
Project("{FAE04EC0-301F-11D3-BF4B-00C04F79EFBC}") = "stringX", "stringX\stringX.csproj", "{B0873958-8CCB-441D-A75C-987C57C8F9BD}"
EndProject
Global
	GlobalSection(SolutionConfigurationPlatforms) = preSolution
		Debug|Any CPU = Debug|Any CPU
		Release|Any CPU = Release|Any CPU
	EndGlobalSection
	GlobalSection(ProjectConfigurationPlatforms) = postSolution
		{B0873958-8CCB-441D-A75C-987C57C8F9BD}.Debug|Any CPU.ActiveCfg = Debug|Any CPU
		{B0873958-8CCB-441D-A75C-987C57C8F9BD}.Debug|Any CPU.Build.0 = Debug|Any CPU
		{B0873958-8CCB-441D-A75C-987C57C8F9BD}.Release|Any CPU.ActiveCfg = Release|Any CPU
		{B0873958-8CCB-441D-A75C-987C57C8F9BD}.Release|Any CPU.Build.0 = Release|Any CPU
	EndGlobalSection
	GlobalSection(SolutionProperties) = preSolution
		HideSolutionNode = FALSE
	EndGlobalSection
	GlobalSection(ExtensibilityGlobals) = postSolution
		SolutionGuid = {E9CB7F71-111C-4279-86FA-DC5803A63EBF}
	EndGlobalSection
EndGlobal
