
Microsoft Visual Studio Solution File, Format Version 12.00
# Visual Studio 15
VisualStudioVersion = 15.0.28307.1300
MinimumVisualStudioVersion = 10.0.40219.1
Project("{FAE04EC0-301F-11D3-BF4B-00C04F79EFBC}") = "max1020", "max1020\max1020.csproj", "{5425B30E-D077-4AFB-9BB8-313E1726EF05}"
EndProject
Global
	GlobalSection(SolutionConfigurationPlatforms) = preSolution
		Debug|Any CPU = Debug|Any CPU
		Release|Any CPU = Release|Any CPU
	EndGlobalSection
	GlobalSection(ProjectConfigurationPlatforms) = postSolution
		{5425B30E-D077-4AFB-9BB8-313E1726EF05}.Debug|Any CPU.ActiveCfg = Debug|Any CPU
		{5425B30E-D077-4AFB-9BB8-313E1726EF05}.Debug|Any CPU.Build.0 = Debug|Any CPU
		{5425B30E-D077-4AFB-9BB8-313E1726EF05}.Release|Any CPU.ActiveCfg = Release|Any CPU
		{5425B30E-D077-4AFB-9BB8-313E1726EF05}.Release|Any CPU.Build.0 = Release|Any CPU
	EndGlobalSection
	GlobalSection(SolutionProperties) = preSolution
		HideSolutionNode = FALSE
	EndGlobalSection
	GlobalSection(ExtensibilityGlobals) = postSolution
		SolutionGuid = {EC430914-52C0-4B8F-98AD-3FD16CD367D4}
	EndGlobalSection
EndGlobal
