
Microsoft Visual Studio Solution File, Format Version 12.00
# Visual Studio 15
VisualStudioVersion = 15.0.28307.1300
MinimumVisualStudioVersion = 10.0.40219.1
Project("{FAE04EC0-301F-11D3-BF4B-00C04F79EFBC}") = "fizzString", "fizzString\fizzString.csproj", "{20AE8664-5270-4963-8F0A-916A3D70B838}"
EndProject
Global
	GlobalSection(SolutionConfigurationPlatforms) = preSolution
		Debug|Any CPU = Debug|Any CPU
		Release|Any CPU = Release|Any CPU
	EndGlobalSection
	GlobalSection(ProjectConfigurationPlatforms) = postSolution
		{20AE8664-5270-4963-8F0A-916A3D70B838}.Debug|Any CPU.ActiveCfg = Debug|Any CPU
		{20AE8664-5270-4963-8F0A-916A3D70B838}.Debug|Any CPU.Build.0 = Debug|Any CPU
		{20AE8664-5270-4963-8F0A-916A3D70B838}.Release|Any CPU.ActiveCfg = Release|Any CPU
		{20AE8664-5270-4963-8F0A-916A3D70B838}.Release|Any CPU.Build.0 = Release|Any CPU
	EndGlobalSection
	GlobalSection(SolutionProperties) = preSolution
		HideSolutionNode = FALSE
	EndGlobalSection
	GlobalSection(ExtensibilityGlobals) = postSolution
		SolutionGuid = {8123E52F-630E-4C99-B21A-C6F8B8B69F51}
	EndGlobalSection
EndGlobal
