
Microsoft Visual Studio Solution File, Format Version 12.00
# Visual Studio 15
VisualStudioVersion = 15.0.28307.1300
MinimumVisualStudioVersion = 10.0.40219.1
Project("{FAE04EC0-301F-11D3-BF4B-00C04F79EFBC}") = "helloName", "helloName\helloName.csproj", "{CDBAEB11-5256-4804-9D7A-39D9E1931B78}"
EndProject
Global
	GlobalSection(SolutionConfigurationPlatforms) = preSolution
		Debug|Any CPU = Debug|Any CPU
		Release|Any CPU = Release|Any CPU
	EndGlobalSection
	GlobalSection(ProjectConfigurationPlatforms) = postSolution
		{CDBAEB11-5256-4804-9D7A-39D9E1931B78}.Debug|Any CPU.ActiveCfg = Debug|Any CPU
		{CDBAEB11-5256-4804-9D7A-39D9E1931B78}.Debug|Any CPU.Build.0 = Debug|Any CPU
		{CDBAEB11-5256-4804-9D7A-39D9E1931B78}.Release|Any CPU.ActiveCfg = Release|Any CPU
		{CDBAEB11-5256-4804-9D7A-39D9E1931B78}.Release|Any CPU.Build.0 = Release|Any CPU
	EndGlobalSection
	GlobalSection(SolutionProperties) = preSolution
		HideSolutionNode = FALSE
	EndGlobalSection
	GlobalSection(ExtensibilityGlobals) = postSolution
		SolutionGuid = {1B3B6069-C325-445A-B8B7-AEA3FD74035C}
	EndGlobalSection
EndGlobal
