
Microsoft Visual Studio Solution File, Format Version 12.00
# Visual Studio 15
VisualStudioVersion = 15.0.28307.1300
MinimumVisualStudioVersion = 10.0.40219.1
Project("{FAE04EC0-301F-11D3-BF4B-00C04F79EFBC}") = "noYY", "noYY\noYY.csproj", "{13B796E1-FF62-463B-837B-75A2DAE7D1EB}"
EndProject
Global
	GlobalSection(SolutionConfigurationPlatforms) = preSolution
		Debug|Any CPU = Debug|Any CPU
		Release|Any CPU = Release|Any CPU
	EndGlobalSection
	GlobalSection(ProjectConfigurationPlatforms) = postSolution
		{13B796E1-FF62-463B-837B-75A2DAE7D1EB}.Debug|Any CPU.ActiveCfg = Debug|Any CPU
		{13B796E1-FF62-463B-837B-75A2DAE7D1EB}.Debug|Any CPU.Build.0 = Debug|Any CPU
		{13B796E1-FF62-463B-837B-75A2DAE7D1EB}.Release|Any CPU.ActiveCfg = Release|Any CPU
		{13B796E1-FF62-463B-837B-75A2DAE7D1EB}.Release|Any CPU.Build.0 = Release|Any CPU
	EndGlobalSection
	GlobalSection(SolutionProperties) = preSolution
		HideSolutionNode = FALSE
	EndGlobalSection
	GlobalSection(ExtensibilityGlobals) = postSolution
		SolutionGuid = {8A53F75C-C232-47BD-B07C-2C915C85AC72}
	EndGlobalSection
EndGlobal
