
Microsoft Visual Studio Solution File, Format Version 12.00
# Visual Studio 15
VisualStudioVersion = 15.0.28307.1300
MinimumVisualStudioVersion = 10.0.40219.1
Project("{FAE04EC0-301F-11D3-BF4B-00C04F79EFBC}") = "userCompare", "userCompare\userCompare.csproj", "{9A013A7A-0BC7-4801-A7C3-0F8F62750F26}"
EndProject
Global
	GlobalSection(SolutionConfigurationPlatforms) = preSolution
		Debug|Any CPU = Debug|Any CPU
		Release|Any CPU = Release|Any CPU
	EndGlobalSection
	GlobalSection(ProjectConfigurationPlatforms) = postSolution
		{9A013A7A-0BC7-4801-A7C3-0F8F62750F26}.Debug|Any CPU.ActiveCfg = Debug|Any CPU
		{9A013A7A-0BC7-4801-A7C3-0F8F62750F26}.Debug|Any CPU.Build.0 = Debug|Any CPU
		{9A013A7A-0BC7-4801-A7C3-0F8F62750F26}.Release|Any CPU.ActiveCfg = Release|Any CPU
		{9A013A7A-0BC7-4801-A7C3-0F8F62750F26}.Release|Any CPU.Build.0 = Release|Any CPU
	EndGlobalSection
	GlobalSection(SolutionProperties) = preSolution
		HideSolutionNode = FALSE
	EndGlobalSection
	GlobalSection(ExtensibilityGlobals) = postSolution
		SolutionGuid = {2DED3087-0C2B-489A-9A18-EBB401728422}
	EndGlobalSection
EndGlobal
