
Microsoft Visual Studio Solution File, Format Version 12.00
# Visual Studio 15
VisualStudioVersion = 15.0.28307.1300
MinimumVisualStudioVersion = 10.0.40219.1
Project("{FAE04EC0-301F-11D3-BF4B-00C04F79EFBC}") = "either24", "either24\either24.csproj", "{35C69231-4F67-4F5B-A5E3-38B1E7EE834A}"
EndProject
Global
	GlobalSection(SolutionConfigurationPlatforms) = preSolution
		Debug|Any CPU = Debug|Any CPU
		Release|Any CPU = Release|Any CPU
	EndGlobalSection
	GlobalSection(ProjectConfigurationPlatforms) = postSolution
		{35C69231-4F67-4F5B-A5E3-38B1E7EE834A}.Debug|Any CPU.ActiveCfg = Debug|Any CPU
		{35C69231-4F67-4F5B-A5E3-38B1E7EE834A}.Debug|Any CPU.Build.0 = Debug|Any CPU
		{35C69231-4F67-4F5B-A5E3-38B1E7EE834A}.Release|Any CPU.ActiveCfg = Release|Any CPU
		{35C69231-4F67-4F5B-A5E3-38B1E7EE834A}.Release|Any CPU.Build.0 = Release|Any CPU
	EndGlobalSection
	GlobalSection(SolutionProperties) = preSolution
		HideSolutionNode = FALSE
	EndGlobalSection
	GlobalSection(ExtensibilityGlobals) = postSolution
		SolutionGuid = {F613FA62-2DD6-4040-8D79-73BFD6870130}
	EndGlobalSection
EndGlobal
