
Microsoft Visual Studio Solution File, Format Version 12.00
# Visual Studio 15
VisualStudioVersion = 15.0.28307.1300
MinimumVisualStudioVersion = 10.0.40219.1
Project("{FAE04EC0-301F-11D3-BF4B-00C04F79EFBC}") = "icyHot", "icyHot\icyHot.csproj", "{1E1A1CAD-0D89-4443-BF10-1256F1B94A1B}"
EndProject
Global
	GlobalSection(SolutionConfigurationPlatforms) = preSolution
		Debug|Any CPU = Debug|Any CPU
		Release|Any CPU = Release|Any CPU
	EndGlobalSection
	GlobalSection(ProjectConfigurationPlatforms) = postSolution
		{1E1A1CAD-0D89-4443-BF10-1256F1B94A1B}.Debug|Any CPU.ActiveCfg = Debug|Any CPU
		{1E1A1CAD-0D89-4443-BF10-1256F1B94A1B}.Debug|Any CPU.Build.0 = Debug|Any CPU
		{1E1A1CAD-0D89-4443-BF10-1256F1B94A1B}.Release|Any CPU.ActiveCfg = Release|Any CPU
		{1E1A1CAD-0D89-4443-BF10-1256F1B94A1B}.Release|Any CPU.Build.0 = Release|Any CPU
	EndGlobalSection
	GlobalSection(SolutionProperties) = preSolution
		HideSolutionNode = FALSE
	EndGlobalSection
	GlobalSection(ExtensibilityGlobals) = postSolution
		SolutionGuid = {D555903C-46F5-442A-842A-673D2533C5C9}
	EndGlobalSection
EndGlobal
