
Microsoft Visual Studio Solution File, Format Version 12.00
# Visual Studio 15
VisualStudioVersion = 15.0.28307.1300
MinimumVisualStudioVersion = 10.0.40219.1
Project("{FAE04EC0-301F-11D3-BF4B-00C04F79EFBC}") = "inOrder", "inOrder\inOrder.csproj", "{77A199FD-2474-4EE7-8C05-824E039EE281}"
EndProject
Global
	GlobalSection(SolutionConfigurationPlatforms) = preSolution
		Debug|Any CPU = Debug|Any CPU
		Release|Any CPU = Release|Any CPU
	EndGlobalSection
	GlobalSection(ProjectConfigurationPlatforms) = postSolution
		{77A199FD-2474-4EE7-8C05-824E039EE281}.Debug|Any CPU.ActiveCfg = Debug|Any CPU
		{77A199FD-2474-4EE7-8C05-824E039EE281}.Debug|Any CPU.Build.0 = Debug|Any CPU
		{77A199FD-2474-4EE7-8C05-824E039EE281}.Release|Any CPU.ActiveCfg = Release|Any CPU
		{77A199FD-2474-4EE7-8C05-824E039EE281}.Release|Any CPU.Build.0 = Release|Any CPU
	EndGlobalSection
	GlobalSection(SolutionProperties) = preSolution
		HideSolutionNode = FALSE
	EndGlobalSection
	GlobalSection(ExtensibilityGlobals) = postSolution
		SolutionGuid = {878A0198-C440-4663-B9EB-459297A5D1E3}
	EndGlobalSection
EndGlobal
