
Microsoft Visual Studio Solution File, Format Version 12.00
# Visual Studio 15
VisualStudioVersion = 15.0.28307.1300
MinimumVisualStudioVersion = 10.0.40219.1
Project("{FAE04EC0-301F-11D3-BF4B-00C04F79EFBC}") = "less20", "less20\less20.csproj", "{A80494AB-9A79-4C71-B0E3-9D5C0673065F}"
EndProject
Global
	GlobalSection(SolutionConfigurationPlatforms) = preSolution
		Debug|Any CPU = Debug|Any CPU
		Release|Any CPU = Release|Any CPU
	EndGlobalSection
	GlobalSection(ProjectConfigurationPlatforms) = postSolution
		{A80494AB-9A79-4C71-B0E3-9D5C0673065F}.Debug|Any CPU.ActiveCfg = Debug|Any CPU
		{A80494AB-9A79-4C71-B0E3-9D5C0673065F}.Debug|Any CPU.Build.0 = Debug|Any CPU
		{A80494AB-9A79-4C71-B0E3-9D5C0673065F}.Release|Any CPU.ActiveCfg = Release|Any CPU
		{A80494AB-9A79-4C71-B0E3-9D5C0673065F}.Release|Any CPU.Build.0 = Release|Any CPU
	EndGlobalSection
	GlobalSection(SolutionProperties) = preSolution
		HideSolutionNode = FALSE
	EndGlobalSection
	GlobalSection(ExtensibilityGlobals) = postSolution
		SolutionGuid = {5D0A0164-C3FE-4F1F-A35F-4F25F26D8F88}
	EndGlobalSection
EndGlobal
