
Microsoft Visual Studio Solution File, Format Version 12.00
# Visual Studio 15
VisualStudioVersion = 15.0.28307.1300
MinimumVisualStudioVersion = 10.0.40219.1
Project("{FAE04EC0-301F-11D3-BF4B-00C04F79EFBC}") = "noX", "noX\noX.csproj", "{066232E9-F0F5-4961-9906-2E653DE86D76}"
EndProject
Global
	GlobalSection(SolutionConfigurationPlatforms) = preSolution
		Debug|Any CPU = Debug|Any CPU
		Release|Any CPU = Release|Any CPU
	EndGlobalSection
	GlobalSection(ProjectConfigurationPlatforms) = postSolution
		{066232E9-F0F5-4961-9906-2E653DE86D76}.Debug|Any CPU.ActiveCfg = Debug|Any CPU
		{066232E9-F0F5-4961-9906-2E653DE86D76}.Debug|Any CPU.Build.0 = Debug|Any CPU
		{066232E9-F0F5-4961-9906-2E653DE86D76}.Release|Any CPU.ActiveCfg = Release|Any CPU
		{066232E9-F0F5-4961-9906-2E653DE86D76}.Release|Any CPU.Build.0 = Release|Any CPU
	EndGlobalSection
	GlobalSection(SolutionProperties) = preSolution
		HideSolutionNode = FALSE
	EndGlobalSection
	GlobalSection(ExtensibilityGlobals) = postSolution
		SolutionGuid = {EE3F0788-4AB4-44CE-9719-9C1F53082773}
	EndGlobalSection
EndGlobal
