
Microsoft Visual Studio Solution File, Format Version 12.00
# Visual Studio 15
VisualStudioVersion = 15.0.28307.1300
MinimumVisualStudioVersion = 10.0.40219.1
Project("{FAE04EC0-301F-11D3-BF4B-00C04F79EFBC}") = "copyEvens", "copyEvens\copyEvens.csproj", "{7A393BE6-46DE-4767-86AF-FC1AE257C445}"
EndProject
Global
	GlobalSection(SolutionConfigurationPlatforms) = preSolution
		Debug|Any CPU = Debug|Any CPU
		Release|Any CPU = Release|Any CPU
	EndGlobalSection
	GlobalSection(ProjectConfigurationPlatforms) = postSolution
		{7A393BE6-46DE-4767-86AF-FC1AE257C445}.Debug|Any CPU.ActiveCfg = Debug|Any CPU
		{7A393BE6-46DE-4767-86AF-FC1AE257C445}.Debug|Any CPU.Build.0 = Debug|Any CPU
		{7A393BE6-46DE-4767-86AF-FC1AE257C445}.Release|Any CPU.ActiveCfg = Release|Any CPU
		{7A393BE6-46DE-4767-86AF-FC1AE257C445}.Release|Any CPU.Build.0 = Release|Any CPU
	EndGlobalSection
	GlobalSection(SolutionProperties) = preSolution
		HideSolutionNode = FALSE
	EndGlobalSection
	GlobalSection(ExtensibilityGlobals) = postSolution
		SolutionGuid = {D052CC69-6455-41C0-A465-F0BDCCFDB3C7}
	EndGlobalSection
EndGlobal
