
Microsoft Visual Studio Solution File, Format Version 12.00
# Visual Studio 15
VisualStudioVersion = 15.0.28307.1300
MinimumVisualStudioVersion = 10.0.40219.1
Project("{FAE04EC0-301F-11D3-BF4B-00C04F79EFBC}") = "doubleX", "doubleX\doubleX.csproj", "{DB1B20E8-27A3-41FE-9044-21DD40F3869E}"
EndProject
Global
	GlobalSection(SolutionConfigurationPlatforms) = preSolution
		Debug|Any CPU = Debug|Any CPU
		Release|Any CPU = Release|Any CPU
	EndGlobalSection
	GlobalSection(ProjectConfigurationPlatforms) = postSolution
		{DB1B20E8-27A3-41FE-9044-21DD40F3869E}.Debug|Any CPU.ActiveCfg = Debug|Any CPU
		{DB1B20E8-27A3-41FE-9044-21DD40F3869E}.Debug|Any CPU.Build.0 = Debug|Any CPU
		{DB1B20E8-27A3-41FE-9044-21DD40F3869E}.Release|Any CPU.ActiveCfg = Release|Any CPU
		{DB1B20E8-27A3-41FE-9044-21DD40F3869E}.Release|Any CPU.Build.0 = Release|Any CPU
	EndGlobalSection
	GlobalSection(SolutionProperties) = preSolution
		HideSolutionNode = FALSE
	EndGlobalSection
	GlobalSection(ExtensibilityGlobals) = postSolution
		SolutionGuid = {7095F39E-BEE0-4FD5-A9AA-09FFFDB1C2D8}
	EndGlobalSection
EndGlobal
