
Microsoft Visual Studio Solution File, Format Version 12.00
# Visual Studio 15
VisualStudioVersion = 15.0.28307.1300
MinimumVisualStudioVersion = 10.0.40219.1
Project("{FAE04EC0-301F-11D3-BF4B-00C04F79EFBC}") = "nTwice", "nTwice\nTwice.csproj", "{800B2CAE-5508-4DCC-BCF5-77426725DE91}"
EndProject
Global
	GlobalSection(SolutionConfigurationPlatforms) = preSolution
		Debug|Any CPU = Debug|Any CPU
		Release|Any CPU = Release|Any CPU
	EndGlobalSection
	GlobalSection(ProjectConfigurationPlatforms) = postSolution
		{800B2CAE-5508-4DCC-BCF5-77426725DE91}.Debug|Any CPU.ActiveCfg = Debug|Any CPU
		{800B2CAE-5508-4DCC-BCF5-77426725DE91}.Debug|Any CPU.Build.0 = Debug|Any CPU
		{800B2CAE-5508-4DCC-BCF5-77426725DE91}.Release|Any CPU.ActiveCfg = Release|Any CPU
		{800B2CAE-5508-4DCC-BCF5-77426725DE91}.Release|Any CPU.Build.0 = Release|Any CPU
	EndGlobalSection
	GlobalSection(SolutionProperties) = preSolution
		HideSolutionNode = FALSE
	EndGlobalSection
	GlobalSection(ExtensibilityGlobals) = postSolution
		SolutionGuid = {3234780F-E709-4776-A233-E2D1405833A6}
	EndGlobalSection
EndGlobal
