
Microsoft Visual Studio Solution File, Format Version 12.00
# Visual Studio 15
VisualStudioVersion = 15.0.28307.1300
MinimumVisualStudioVersion = 10.0.40219.1
Project("{FAE04EC0-301F-11D3-BF4B-00C04F79EFBC}") = "count7", "count7\count7.csproj", "{1C56D519-04A3-4F44-BA68-6A426BAFEB1B}"
EndProject
Global
	GlobalSection(SolutionConfigurationPlatforms) = preSolution
		Debug|Any CPU = Debug|Any CPU
		Release|Any CPU = Release|Any CPU
	EndGlobalSection
	GlobalSection(ProjectConfigurationPlatforms) = postSolution
		{1C56D519-04A3-4F44-BA68-6A426BAFEB1B}.Debug|Any CPU.ActiveCfg = Debug|Any CPU
		{1C56D519-04A3-4F44-BA68-6A426BAFEB1B}.Debug|Any CPU.Build.0 = Debug|Any CPU
		{1C56D519-04A3-4F44-BA68-6A426BAFEB1B}.Release|Any CPU.ActiveCfg = Release|Any CPU
		{1C56D519-04A3-4F44-BA68-6A426BAFEB1B}.Release|Any CPU.Build.0 = Release|Any CPU
	EndGlobalSection
	GlobalSection(SolutionProperties) = preSolution
		HideSolutionNode = FALSE
	EndGlobalSection
	GlobalSection(ExtensibilityGlobals) = postSolution
		SolutionGuid = {324187AA-E782-4359-957D-90B4B2D35A61}
	EndGlobalSection
EndGlobal
