
Microsoft Visual Studio Solution File, Format Version 12.00
# Visual Studio 15
VisualStudioVersion = 15.0.28307.1300
MinimumVisualStudioVersion = 10.0.40219.1
Project("{FAE04EC0-301F-11D3-BF4B-00C04F79EFBC}") = "fizzArray", "fizzArray\fizzArray.csproj", "{F54A7A78-3383-4048-8D29-95053263585E}"
EndProject
Global
	GlobalSection(SolutionConfigurationPlatforms) = preSolution
		Debug|Any CPU = Debug|Any CPU
		Release|Any CPU = Release|Any CPU
	EndGlobalSection
	GlobalSection(ProjectConfigurationPlatforms) = postSolution
		{F54A7A78-3383-4048-8D29-95053263585E}.Debug|Any CPU.ActiveCfg = Debug|Any CPU
		{F54A7A78-3383-4048-8D29-95053263585E}.Debug|Any CPU.Build.0 = Debug|Any CPU
		{F54A7A78-3383-4048-8D29-95053263585E}.Release|Any CPU.ActiveCfg = Release|Any CPU
		{F54A7A78-3383-4048-8D29-95053263585E}.Release|Any CPU.Build.0 = Release|Any CPU
	EndGlobalSection
	GlobalSection(SolutionProperties) = preSolution
		HideSolutionNode = FALSE
	EndGlobalSection
	GlobalSection(ExtensibilityGlobals) = postSolution
		SolutionGuid = {B40B9D48-244A-4C04-931B-C86E2DE239DF}
	EndGlobalSection
EndGlobal
